
Microsoft Visual Studio Solution File, Format Version 12.00
# Visual Studio 15
VisualStudioVersion = 15.0.26124.0
MinimumVisualStudioVersion = 15.0.26124.0
Project("{2150E333-8FDC-42A3-9474-1A3956D46DE8}") = "StrategyPattern", "StrategyPattern", "{13A9A553-23C3-430C-8183-8CE090B8E377}"
EndProject
Project("{FAE04EC0-301F-11D3-BF4B-00C04F79EFBC}") = "StrategyPattern", "StrategyPattern\c_sharp\StrategyPattern.csproj", "{E698213F-9281-4EBA-94AC-350414EB044E}"
EndProject
Project("{2150E333-8FDC-42A3-9474-1A3956D46DE8}") = "ObserverPattern", "ObserverPattern", "{90F1D021-6521-43DC-9CFC-2EFC2C2BEB30}"
EndProject
Project("{2150E333-8FDC-42A3-9474-1A3956D46DE8}") = "c_sharp", "c_sharp", "{9B40F2A7-DB68-4A8E-B922-4117E04C2059}"
EndProject
Project("{FAE04EC0-301F-11D3-BF4B-00C04F79EFBC}") = "ObserverPattern", "ObserverPattern\c_sharp\ObserverPattern\ObserverPattern.csproj", "{0F77E126-1E26-4189-9EC7-58C0E28F38DA}"
EndProject
Project("{2150E333-8FDC-42A3-9474-1A3956D46DE8}") = "DecoratorPattern", "DecoratorPattern", "{2358AF99-DC38-4080-9E9D-A4C98A095589}"
EndProject
Project("{FAE04EC0-301F-11D3-BF4B-00C04F79EFBC}") = "DecoratorPattern", "DecoratorPattern\csharp\DecoratorPattern.csproj", "{08967381-FE88-47A0-8EEB-3D37E4E622EA}"
EndProject
Global
	GlobalSection(SolutionConfigurationPlatforms) = preSolution
		Debug|Any CPU = Debug|Any CPU
		Debug|x64 = Debug|x64
		Debug|x86 = Debug|x86
		Release|Any CPU = Release|Any CPU
		Release|x64 = Release|x64
		Release|x86 = Release|x86
	EndGlobalSection
	GlobalSection(SolutionProperties) = preSolution
		HideSolutionNode = FALSE
	EndGlobalSection
	GlobalSection(ProjectConfigurationPlatforms) = postSolution
		{E698213F-9281-4EBA-94AC-350414EB044E}.Debug|Any CPU.ActiveCfg = Debug|Any CPU
		{E698213F-9281-4EBA-94AC-350414EB044E}.Debug|Any CPU.Build.0 = Debug|Any CPU
		{E698213F-9281-4EBA-94AC-350414EB044E}.Debug|x64.ActiveCfg = Debug|Any CPU
		{E698213F-9281-4EBA-94AC-350414EB044E}.Debug|x64.Build.0 = Debug|Any CPU
		{E698213F-9281-4EBA-94AC-350414EB044E}.Debug|x86.ActiveCfg = Debug|Any CPU
		{E698213F-9281-4EBA-94AC-350414EB044E}.Debug|x86.Build.0 = Debug|Any CPU
		{E698213F-9281-4EBA-94AC-350414EB044E}.Release|Any CPU.ActiveCfg = Release|Any CPU
		{E698213F-9281-4EBA-94AC-350414EB044E}.Release|Any CPU.Build.0 = Release|Any CPU
		{E698213F-9281-4EBA-94AC-350414EB044E}.Release|x64.ActiveCfg = Release|Any CPU
		{E698213F-9281-4EBA-94AC-350414EB044E}.Release|x64.Build.0 = Release|Any CPU
		{E698213F-9281-4EBA-94AC-350414EB044E}.Release|x86.ActiveCfg = Release|Any CPU
		{E698213F-9281-4EBA-94AC-350414EB044E}.Release|x86.Build.0 = Release|Any CPU
		{0F77E126-1E26-4189-9EC7-58C0E28F38DA}.Debug|Any CPU.ActiveCfg = Debug|Any CPU
		{0F77E126-1E26-4189-9EC7-58C0E28F38DA}.Debug|Any CPU.Build.0 = Debug|Any CPU
		{0F77E126-1E26-4189-9EC7-58C0E28F38DA}.Debug|x64.ActiveCfg = Debug|Any CPU
		{0F77E126-1E26-4189-9EC7-58C0E28F38DA}.Debug|x64.Build.0 = Debug|Any CPU
		{0F77E126-1E26-4189-9EC7-58C0E28F38DA}.Debug|x86.ActiveCfg = Debug|Any CPU
		{0F77E126-1E26-4189-9EC7-58C0E28F38DA}.Debug|x86.Build.0 = Debug|Any CPU
		{0F77E126-1E26-4189-9EC7-58C0E28F38DA}.Release|Any CPU.ActiveCfg = Release|Any CPU
		{0F77E126-1E26-4189-9EC7-58C0E28F38DA}.Release|Any CPU.Build.0 = Release|Any CPU
		{0F77E126-1E26-4189-9EC7-58C0E28F38DA}.Release|x64.ActiveCfg = Release|Any CPU
		{0F77E126-1E26-4189-9EC7-58C0E28F38DA}.Release|x64.Build.0 = Release|Any CPU
		{0F77E126-1E26-4189-9EC7-58C0E28F38DA}.Release|x86.ActiveCfg = Release|Any CPU
		{0F77E126-1E26-4189-9EC7-58C0E28F38DA}.Release|x86.Build.0 = Release|Any CPU
		{08967381-FE88-47A0-8EEB-3D37E4E622EA}.Debug|Any CPU.ActiveCfg = Debug|Any CPU
		{08967381-FE88-47A0-8EEB-3D37E4E622EA}.Debug|Any CPU.Build.0 = Debug|Any CPU
		{08967381-FE88-47A0-8EEB-3D37E4E622EA}.Debug|x64.ActiveCfg = Debug|Any CPU
		{08967381-FE88-47A0-8EEB-3D37E4E622EA}.Debug|x64.Build.0 = Debug|Any CPU
		{08967381-FE88-47A0-8EEB-3D37E4E622EA}.Debug|x86.ActiveCfg = Debug|Any CPU
		{08967381-FE88-47A0-8EEB-3D37E4E622EA}.Debug|x86.Build.0 = Debug|Any CPU
		{08967381-FE88-47A0-8EEB-3D37E4E622EA}.Release|Any CPU.ActiveCfg = Release|Any CPU
		{08967381-FE88-47A0-8EEB-3D37E4E622EA}.Release|Any CPU.Build.0 = Release|Any CPU
		{08967381-FE88-47A0-8EEB-3D37E4E622EA}.Release|x64.ActiveCfg = Release|Any CPU
		{08967381-FE88-47A0-8EEB-3D37E4E622EA}.Release|x64.Build.0 = Release|Any CPU
		{08967381-FE88-47A0-8EEB-3D37E4E622EA}.Release|x86.ActiveCfg = Release|Any CPU
		{08967381-FE88-47A0-8EEB-3D37E4E622EA}.Release|x86.Build.0 = Release|Any CPU
	EndGlobalSection
	GlobalSection(NestedProjects) = preSolution
		{E698213F-9281-4EBA-94AC-350414EB044E} = {13A9A553-23C3-430C-8183-8CE090B8E377}
		{9B40F2A7-DB68-4A8E-B922-4117E04C2059} = {90F1D021-6521-43DC-9CFC-2EFC2C2BEB30}
		{0F77E126-1E26-4189-9EC7-58C0E28F38DA} = {9B40F2A7-DB68-4A8E-B922-4117E04C2059}
		{08967381-FE88-47A0-8EEB-3D37E4E622EA} = {2358AF99-DC38-4080-9E9D-A4C98A095589}
	EndGlobalSection
EndGlobal
